
Microsoft Visual Studio Solution File, Format Version 12.00
# Visual Studio 16
Project("{FAE04EC0-301F-11D3-BF4B-00C04F79EFBC}") = "Assembly-CSharp", "Assembly-CSharp.csproj", "{9547ABF1-D0FE-6463-9895-847574A22E31}"
EndProject
Global
	GlobalSection(SolutionConfigurationPlatforms) = preSolution
		Debug|Any CPU = Debug|Any CPU
		Release|Any CPU = Release|Any CPU
	EndGlobalSection
	GlobalSection(ProjectConfigurationPlatforms) = postSolution
		{9547ABF1-D0FE-6463-9895-847574A22E31}.Debug|Any CPU.ActiveCfg = Debug|Any CPU
		{9547ABF1-D0FE-6463-9895-847574A22E31}.Debug|Any CPU.Build.0 = Debug|Any CPU
		{9547ABF1-D0FE-6463-9895-847574A22E31}.Release|Any CPU.ActiveCfg = Release|Any CPU
		{9547ABF1-D0FE-6463-9895-847574A22E31}.Release|Any CPU.Build.0 = Release|Any CPU
	EndGlobalSection
	GlobalSection(SolutionProperties) = preSolution
		HideSolutionNode = FALSE
	EndGlobalSection
EndGlobal
